{
  "nodes": {
    "catppuccin": {
      "inputs": {
        "nixpkgs": "nixpkgs"
      },
      "locked": {
        "lastModified": 1752828704,
        "narHash": "sha256-I8cCVFZIFcIy+7KBnjCuS/ISTJYeR8mkah1oxA6qBVk=",
        "owner": "catppuccin",
        "repo": "nix",
        "rev": "f5d22072074b0bc3c47a3a96a00e4fad263014ff",
        "type": "github"
      },
      "original": {
        "owner": "catppuccin",
        "repo": "nix",
        "type": "github"
      }
    },
    "home-manager": {
      "inputs": {
        "nixpkgs": [
          "nixpkgs"
        ]
      },
      "locked": {
        "lastModified": 1753132348,
        "narHash": "sha256-0i3jU9AHuNXb0wYGzImnVwaw+miE0yW13qfjC0F+fIE=",
        "owner": "nix-community",
        "repo": "home-manager",
        "rev": "e4bf85da687027cfc4a8853ca11b6b86ce41d732",
        "type": "github"
      },
      "original": {
        "owner": "nix-community",
        "repo": "home-manager",
        "type": "github"
      }
    },
    "kmonad": {
      "inputs": {
        "nixpkgs": [
          "nixpkgs"
        ]
      },
      "locked": {
        "dir": "nix",
        "lastModified": 1751487254,
        "narHash": "sha256-VSipBrxqqIXfQNrFBDGfeLu02CxU8ZI8YrJu0jGMytM=",
        "owner": "kmonad",
        "repo": "kmonad",
        "rev": "f78b8fa9c82589abcc4964406d5e7bdf96860689",
        "type": "github"
      },
      "original": {
        "dir": "nix",
        "owner": "kmonad",
        "repo": "kmonad",
        "type": "github"
      }
    },
    "nixos-hardware": {
      "locked": {
        "lastModified": 1753122741,
        "narHash": "sha256-nFxE8lk9JvGelxClCmwuJYftbHqwnc01dRN4DVLUroM=",
        "owner": "NixOS",
        "repo": "nixos-hardware",
        "rev": "cc66fddc6cb04ab479a1bb062f4d4da27c936a22",
        "type": "github"
      },
      "original": {
        "owner": "NixOS",
        "ref": "master",
        "repo": "nixos-hardware",
        "type": "github"
      }
    },
    "nixpkgs": {
      "locked": {
        "lastModified": 1752480373,
        "narHash": "sha256-JHQbm+OcGp32wAsXTE/FLYGNpb+4GLi5oTvCxwSoBOA=",
        "owner": "NixOS",
        "repo": "nixpkgs",
        "rev": "62e0f05ede1da0d54515d4ea8ce9c733f12d9f08",
        "type": "github"
      },
      "original": {
        "owner": "NixOS",
        "ref": "nixos-unstable",
        "repo": "nixpkgs",
        "type": "github"
      }
    },
    "nixpkgs_2": {
      "locked": {
        "lastModified": 1753141838,
        "narHash": "sha256-InxnnLeJDFpqYdFwA2d6v1R+XCJJwVlkljQuRS5i018=",
        "owner": "nixos",
        "repo": "nixpkgs",
        "rev": "77fc6c546bd1420b85a998e439c25eb129d6d338",
        "type": "github"
      },
      "original": {
        "owner": "nixos",
        "repo": "nixpkgs",
        "type": "github"
      }
    },
    "root": {
      "inputs": {
        "catppuccin": "catppuccin",
        "home-manager": "home-manager",
        "kmonad": "kmonad",
        "nixos-hardware": "nixos-hardware",
        "nixpkgs": "nixpkgs_2"
      }
    }
  },
  "root": "root",
  "version": 7
}
